
Microsoft Visual Studio Solution File, Format Version 12.00
# Visual Studio Version 17
VisualStudioVersion = 17.5.33516.290
MinimumVisualStudioVersion = 10.0.40219.1
Project("{FAE04EC0-301F-11D3-BF4B-00C04F79EFBC}") = "CalculateDiscount", "CalculateDiscount\CalculateDiscount.csproj", "{87429D25-4271-4268-85FD-4AA3D3372C62}"
EndProject
Project("{FAE04EC0-301F-11D3-BF4B-00C04F79EFBC}") = "CalculateDiscount.Service", "CalculateDiscount.Service\CalculateDiscount.Service.csproj", "{D1C5B83C-67BD-4752-BC2F-1F4911867ECC}"
EndProject
Project("{FAE04EC0-301F-11D3-BF4B-00C04F79EFBC}") = "CalculateDiscount.Tests", "CalculateDiscount.Tests\CalculateDiscount.Tests.csproj", "{8B905A13-6C10-4F31-AAF0-5DEA234D49D1}"
EndProject
Global
	GlobalSection(SolutionConfigurationPlatforms) = preSolution
		Debug|Any CPU = Debug|Any CPU
		Release|Any CPU = Release|Any CPU
	EndGlobalSection
	GlobalSection(ProjectConfigurationPlatforms) = postSolution
		{87429D25-4271-4268-85FD-4AA3D3372C62}.Debug|Any CPU.ActiveCfg = Debug|Any CPU
		{87429D25-4271-4268-85FD-4AA3D3372C62}.Debug|Any CPU.Build.0 = Debug|Any CPU
		{87429D25-4271-4268-85FD-4AA3D3372C62}.Release|Any CPU.ActiveCfg = Release|Any CPU
		{87429D25-4271-4268-85FD-4AA3D3372C62}.Release|Any CPU.Build.0 = Release|Any CPU
		{D1C5B83C-67BD-4752-BC2F-1F4911867ECC}.Debug|Any CPU.ActiveCfg = Debug|Any CPU
		{D1C5B83C-67BD-4752-BC2F-1F4911867ECC}.Debug|Any CPU.Build.0 = Debug|Any CPU
		{D1C5B83C-67BD-4752-BC2F-1F4911867ECC}.Release|Any CPU.ActiveCfg = Release|Any CPU
		{D1C5B83C-67BD-4752-BC2F-1F4911867ECC}.Release|Any CPU.Build.0 = Release|Any CPU
		{8B905A13-6C10-4F31-AAF0-5DEA234D49D1}.Debug|Any CPU.ActiveCfg = Debug|Any CPU
		{8B905A13-6C10-4F31-AAF0-5DEA234D49D1}.Debug|Any CPU.Build.0 = Debug|Any CPU
		{8B905A13-6C10-4F31-AAF0-5DEA234D49D1}.Release|Any CPU.ActiveCfg = Release|Any CPU
		{8B905A13-6C10-4F31-AAF0-5DEA234D49D1}.Release|Any CPU.Build.0 = Release|Any CPU
	EndGlobalSection
	GlobalSection(SolutionProperties) = preSolution
		HideSolutionNode = FALSE
	EndGlobalSection
	GlobalSection(ExtensibilityGlobals) = postSolution
		SolutionGuid = {D41A41AD-DFF2-4C69-AB04-1F9C9EBB2C70}
	EndGlobalSection
EndGlobal
